// !$*UTF8*$!
{
	archiveVersion = 1;
	classes = {
	};
	objectVersion = 56;
	objects = {

/* Begin PBXBuildFile section */
		A8614BCF2B31B3EC00BD938D /* ScrumTimer.swift in Sources */ = {isa = PBXBuildFile; fileRef = A8614BCE2B31B3EC00BD938D /* ScrumTimer.swift */; };
		A8614BD12B31B61800BD938D /* MeetingFooterView.swift in Sources */ = {isa = PBXBuildFile; fileRef = A8614BD02B31B61800BD938D /* MeetingFooterView.swift */; };
		A8614BD32B31BBA500BD938D /* AVPlayer+Ding.swift in Sources */ = {isa = PBXBuildFile; fileRef = A8614BD22B31BBA500BD938D /* AVPlayer+Ding.swift */; };
		A8614BD62B31BCB000BD938D /* ding.wav in Resources */ = {isa = PBXBuildFile; fileRef = A8614BD52B31BCB000BD938D /* ding.wav */; };
		A8614BD82B31C07B00BD938D /* NewScrumSheet.swift in Sources */ = {isa = PBXBuildFile; fileRef = A8614BD72B31C07B00BD938D /* NewScrumSheet.swift */; };
		A8614BDA2B31D50000BD938D /* History.swift in Sources */ = {isa = PBXBuildFile; fileRef = A8614BD92B31D50000BD938D /* History.swift */; };
		A8614BDC2B3209FB00BD938D /* ScrumStore.swift in Sources */ = {isa = PBXBuildFile; fileRef = A8614BDB2B3209FB00BD938D /* ScrumStore.swift */; };
		A86310192B5FA82A003172ED /* SpeechRecognizer.swift in Sources */ = {isa = PBXBuildFile; fileRef = A86310182B5FA82A003172ED /* SpeechRecognizer.swift */; };
		A863101D2B5FBC16003172ED /* HistoryView.swift in Sources */ = {isa = PBXBuildFile; fileRef = A863101C2B5FBC16003172ED /* HistoryView.swift */; };
		A8B0519B2B332A5D00C29EE5 /* ErrorWrapper.swift in Sources */ = {isa = PBXBuildFile; fileRef = A8B0519A2B332A5D00C29EE5 /* ErrorWrapper.swift */; };
		A8B0519D2B332B1700C29EE5 /* ErrorView.swift in Sources */ = {isa = PBXBuildFile; fileRef = A8B0519C2B332B1700C29EE5 /* ErrorView.swift */; };
		A8C296F92B1DBD4A003DFAF1 /* DetailEdit.swift in Sources */ = {isa = PBXBuildFile; fileRef = A8C296F82B1DBD4A003DFAF1 /* DetailEdit.swift */; };
		A8CFC2292B1DC6D400C6216F /* Assets.xcassets in Resources */ = {isa = PBXBuildFile; fileRef = A8CFC2282B1DC6D400C6216F /* Assets.xcassets */; };
		A8DDA0EC2B1F64050021417C /* ThemeView.swift in Sources */ = {isa = PBXBuildFile; fileRef = A8DDA0EB2B1F64050021417C /* ThemeView.swift */; };
		A8DDA0EE2B1F65EA0021417C /* ThemePicker.swift in Sources */ = {isa = PBXBuildFile; fileRef = A8DDA0ED2B1F65EA0021417C /* ThemePicker.swift */; };
		A8DDFC0A2B2F30C5000152D9 /* MeetingHeaderView.swift in Sources */ = {isa = PBXBuildFile; fileRef = A8DDFC092B2F30C5000152D9 /* MeetingHeaderView.swift */; };
		A8E23F702B389B090050D807 /* MeetingTimerView.swift in Sources */ = {isa = PBXBuildFile; fileRef = A8E23F6F2B389B090050D807 /* MeetingTimerView.swift */; };
		A8E23F722B389E970050D807 /* SpeakerArc.swift in Sources */ = {isa = PBXBuildFile; fileRef = A8E23F712B389E970050D807 /* SpeakerArc.swift */; };
		A8F203512B1A460A009BC7E5 /* ScrumdingerApp.swift in Sources */ = {isa = PBXBuildFile; fileRef = A8F203502B1A460A009BC7E5 /* ScrumdingerApp.swift */; };
		A8F203532B1A460A009BC7E5 /* MeetingView.swift in Sources */ = {isa = PBXBuildFile; fileRef = A8F203522B1A460A009BC7E5 /* MeetingView.swift */; };
		A8F203582B1A460B009BC7E5 /* Preview Assets.xcassets in Resources */ = {isa = PBXBuildFile; fileRef = A8F203572B1A460B009BC7E5 /* Preview Assets.xcassets */; };
		A8F203602B1B2832009BC7E5 /* Theme.swift in Sources */ = {isa = PBXBuildFile; fileRef = A8F2035F2B1B2832009BC7E5 /* Theme.swift */; };
		A8F203622B1B2972009BC7E5 /* Daily Scrum.swift in Sources */ = {isa = PBXBuildFile; fileRef = A8F203612B1B2972009BC7E5 /* Daily Scrum.swift */; };
		A8F203642B1B2EED009BC7E5 /* CardView.swift in Sources */ = {isa = PBXBuildFile; fileRef = A8F203632B1B2EED009BC7E5 /* CardView.swift */; };
		A8F203662B1C8B40009BC7E5 /* TrailingIconLabelStyle.swift in Sources */ = {isa = PBXBuildFile; fileRef = A8F203652B1C8B40009BC7E5 /* TrailingIconLabelStyle.swift */; };
		A8F203682B1CAB9D009BC7E5 /* Scrums.swift in Sources */ = {isa = PBXBuildFile; fileRef = A8F203672B1CAB9D009BC7E5 /* Scrums.swift */; };
		A8F2036C2B1CFB4D009BC7E5 /* DetailView.swift in Sources */ = {isa = PBXBuildFile; fileRef = A8F2036B2B1CFB4D009BC7E5 /* DetailView.swift */; };
/* End PBXBuildFile section */

/* Begin PBXFileReference section */
		A8614BCE2B31B3EC00BD938D /* ScrumTimer.swift */ = {isa = PBXFileReference; lastKnownFileType = sourcecode.swift; path = ScrumTimer.swift; sourceTree = "<group>"; };
		A8614BD02B31B61800BD938D /* MeetingFooterView.swift */ = {isa = PBXFileReference; lastKnownFileType = sourcecode.swift; path = MeetingFooterView.swift; sourceTree = "<group>"; };
		A8614BD22B31BBA500BD938D /* AVPlayer+Ding.swift */ = {isa = PBXFileReference; lastKnownFileType = sourcecode.swift; path = "AVPlayer+Ding.swift"; sourceTree = "<group>"; };
		A8614BD52B31BCB000BD938D /* ding.wav */ = {isa = PBXFileReference; lastKnownFileType = audio.wav; name = ding.wav; path = ../../../../../Downloads/ManagingStateAndLifeCycle/StartingProject/Scrumdinger/Resources/ding.wav; sourceTree = "<group>"; };
		A8614BD72B31C07B00BD938D /* NewScrumSheet.swift */ = {isa = PBXFileReference; lastKnownFileType = sourcecode.swift; path = NewScrumSheet.swift; sourceTree = "<group>"; };
		A8614BD92B31D50000BD938D /* History.swift */ = {isa = PBXFileReference; lastKnownFileType = sourcecode.swift; path = History.swift; sourceTree = "<group>"; };
		A8614BDB2B3209FB00BD938D /* ScrumStore.swift */ = {isa = PBXFileReference; indentWidth = 5; lastKnownFileType = sourcecode.swift; path = ScrumStore.swift; sourceTree = "<group>"; };
		A86310172B5FA726003172ED /* Info.plist */ = {isa = PBXFileReference; lastKnownFileType = text.plist; path = Info.plist; sourceTree = "<group>"; };
		A86310182B5FA82A003172ED /* SpeechRecognizer.swift */ = {isa = PBXFileReference; lastKnownFileType = sourcecode.swift; path = SpeechRecognizer.swift; sourceTree = "<group>"; };
		A863101C2B5FBC16003172ED /* HistoryView.swift */ = {isa = PBXFileReference; lastKnownFileType = sourcecode.swift; path = HistoryView.swift; sourceTree = "<group>"; };
		A8B0519A2B332A5D00C29EE5 /* ErrorWrapper.swift */ = {isa = PBXFileReference; lastKnownFileType = sourcecode.swift; path = ErrorWrapper.swift; sourceTree = "<group>"; };
		A8B0519C2B332B1700C29EE5 /* ErrorView.swift */ = {isa = PBXFileReference; lastKnownFileType = sourcecode.swift; path = ErrorView.swift; sourceTree = "<group>"; };
		A8C296F82B1DBD4A003DFAF1 /* DetailEdit.swift */ = {isa = PBXFileReference; lastKnownFileType = sourcecode.swift; path = DetailEdit.swift; sourceTree = "<group>"; };
		A8CFC2282B1DC6D400C6216F /* Assets.xcassets */ = {isa = PBXFileReference; lastKnownFileType = folder.assetcatalog; path = Assets.xcassets; sourceTree = "<group>"; };
		A8DDA0EB2B1F64050021417C /* ThemeView.swift */ = {isa = PBXFileReference; lastKnownFileType = sourcecode.swift; path = ThemeView.swift; sourceTree = "<group>"; };
		A8DDA0ED2B1F65EA0021417C /* ThemePicker.swift */ = {isa = PBXFileReference; lastKnownFileType = sourcecode.swift; path = ThemePicker.swift; sourceTree = "<group>"; };
		A8DDFC092B2F30C5000152D9 /* MeetingHeaderView.swift */ = {isa = PBXFileReference; lastKnownFileType = sourcecode.swift; path = MeetingHeaderView.swift; sourceTree = "<group>"; };
		A8E23F6F2B389B090050D807 /* MeetingTimerView.swift */ = {isa = PBXFileReference; lastKnownFileType = sourcecode.swift; path = MeetingTimerView.swift; sourceTree = "<group>"; };
		A8E23F712B389E970050D807 /* SpeakerArc.swift */ = {isa = PBXFileReference; lastKnownFileType = sourcecode.swift; path = SpeakerArc.swift; sourceTree = "<group>"; };
		A8F2034D2B1A460A009BC7E5 /* Scrumdinger.app */ = {isa = PBXFileReference; explicitFileType = wrapper.application; includeInIndex = 0; path = Scrumdinger.app; sourceTree = BUILT_PRODUCTS_DIR; };
		A8F203502B1A460A009BC7E5 /* ScrumdingerApp.swift */ = {isa = PBXFileReference; lastKnownFileType = sourcecode.swift; path = ScrumdingerApp.swift; sourceTree = "<group>"; };
		A8F203522B1A460A009BC7E5 /* MeetingView.swift */ = {isa = PBXFileReference; lastKnownFileType = sourcecode.swift; path = MeetingView.swift; sourceTree = "<group>"; };
		A8F203572B1A460B009BC7E5 /* Preview Assets.xcassets */ = {isa = PBXFileReference; lastKnownFileType = folder.assetcatalog; path = "Preview Assets.xcassets"; sourceTree = "<group>"; };
		A8F2035F2B1B2832009BC7E5 /* Theme.swift */ = {isa = PBXFileReference; lastKnownFileType = sourcecode.swift; path = Theme.swift; sourceTree = "<group>"; };
		A8F203612B1B2972009BC7E5 /* Daily Scrum.swift */ = {isa = PBXFileReference; lastKnownFileType = sourcecode.swift; path = "Daily Scrum.swift"; sourceTree = "<group>"; };
		A8F203632B1B2EED009BC7E5 /* CardView.swift */ = {isa = PBXFileReference; lastKnownFileType = sourcecode.swift; path = CardView.swift; sourceTree = "<group>"; };
		A8F203652B1C8B40009BC7E5 /* TrailingIconLabelStyle.swift */ = {isa = PBXFileReference; lastKnownFileType = sourcecode.swift; path = TrailingIconLabelStyle.swift; sourceTree = "<group>"; };
		A8F203672B1CAB9D009BC7E5 /* Scrums.swift */ = {isa = PBXFileReference; lastKnownFileType = sourcecode.swift; path = Scrums.swift; sourceTree = "<group>"; };
		A8F2036B2B1CFB4D009BC7E5 /* DetailView.swift */ = {isa = PBXFileReference; lastKnownFileType = sourcecode.swift; path = DetailView.swift; sourceTree = "<group>"; };
/* End PBXFileReference section */

/* Begin PBXFrameworksBuildPhase section */
		A8F2034A2B1A460A009BC7E5 /* Frameworks */ = {
			isa = PBXFrameworksBuildPhase;
			buildActionMask = 2147483647;
			files = (
			);
			runOnlyForDeploymentPostprocessing = 0;
		};
/* End PBXFrameworksBuildPhase section */

/* Begin PBXGroup section */
		A8614BD42B31BC9300BD938D /* Resources */ = {
			isa = PBXGroup;
			children = (
				A8614BD52B31BCB000BD938D /* ding.wav */,
			);
			path = Resources;
			sourceTree = "<group>";
		};
		A8F203442B1A460A009BC7E5 = {
			isa = PBXGroup;
			children = (
				A8F2034F2B1A460A009BC7E5 /* Scrumdinger */,
				A8F2034E2B1A460A009BC7E5 /* Products */,
			);
			sourceTree = "<group>";
		};
		A8F2034E2B1A460A009BC7E5 /* Products */ = {
			isa = PBXGroup;
			children = (
				A8F2034D2B1A460A009BC7E5 /* Scrumdinger.app */,
			);
			name = Products;
			sourceTree = "<group>";
		};
		A8F2034F2B1A460A009BC7E5 /* Scrumdinger */ = {
			isa = PBXGroup;
			children = (
				A86310172B5FA726003172ED /* Info.plist */,
				A8614BD42B31BC9300BD938D /* Resources */,
				A8F2035E2B1B2807009BC7E5 /* Models */,
				A8F203502B1A460A009BC7E5 /* ScrumdingerApp.swift */,
				A8F203522B1A460A009BC7E5 /* MeetingView.swift */,
				A8F203632B1B2EED009BC7E5 /* CardView.swift */,
				A8C296F82B1DBD4A003DFAF1 /* DetailEdit.swift */,
				A8F203652B1C8B40009BC7E5 /* TrailingIconLabelStyle.swift */,
				A8CFC2282B1DC6D400C6216F /* Assets.xcassets */,
				A8F203562B1A460B009BC7E5 /* Preview Content */,
				A8F203672B1CAB9D009BC7E5 /* Scrums.swift */,
				A8F2036B2B1CFB4D009BC7E5 /* DetailView.swift */,
				A8DDA0EB2B1F64050021417C /* ThemeView.swift */,
				A8DDA0ED2B1F65EA0021417C /* ThemePicker.swift */,
				A8DDFC092B2F30C5000152D9 /* MeetingHeaderView.swift */,
				A8614BD02B31B61800BD938D /* MeetingFooterView.swift */,
				A8614BD72B31C07B00BD938D /* NewScrumSheet.swift */,
				A8B0519C2B332B1700C29EE5 /* ErrorView.swift */,
				A8E23F6F2B389B090050D807 /* MeetingTimerView.swift */,
				A8E23F712B389E970050D807 /* SpeakerArc.swift */,
				A863101C2B5FBC16003172ED /* HistoryView.swift */,
			);
			path = Scrumdinger;
			sourceTree = "<group>";
		};
		A8F203562B1A460B009BC7E5 /* Preview Content */ = {
			isa = PBXGroup;
			children = (
				A8F203572B1A460B009BC7E5 /* Preview Assets.xcassets */,
			);
			path = "Preview Content";
			sourceTree = "<group>";
		};
		A8F2035E2B1B2807009BC7E5 /* Models */ = {
			isa = PBXGroup;
			children = (
				A8F2035F2B1B2832009BC7E5 /* Theme.swift */,
				A8F203612B1B2972009BC7E5 /* Daily Scrum.swift */,
				A8614BCE2B31B3EC00BD938D /* ScrumTimer.swift */,
				A8614BD22B31BBA500BD938D /* AVPlayer+Ding.swift */,
				A8614BD92B31D50000BD938D /* History.swift */,
				A8614BDB2B3209FB00BD938D /* ScrumStore.swift */,
				A8B0519A2B332A5D00C29EE5 /* ErrorWrapper.swift */,
				A86310182B5FA82A003172ED /* SpeechRecognizer.swift */,
			);
			path = Models;
			sourceTree = "<group>";
		};
/* End PBXGroup section */

/* Begin PBXNativeTarget section */
		A8F2034C2B1A460A009BC7E5 /* Scrumdinger */ = {
			isa = PBXNativeTarget;
			buildConfigurationList = A8F2035B2B1A460B009BC7E5 /* Build configuration list for PBXNativeTarget "Scrumdinger" */;
			buildPhases = (
				A8F203492B1A460A009BC7E5 /* Sources */,
				A8F2034A2B1A460A009BC7E5 /* Frameworks */,
				A8F2034B2B1A460A009BC7E5 /* Resources */,
			);
			buildRules = (
			);
			dependencies = (
			);
			name = Scrumdinger;
			productName = Scrumdinger;
			productReference = A8F2034D2B1A460A009BC7E5 /* Scrumdinger.app */;
			productType = "com.apple.product-type.application";
		};
/* End PBXNativeTarget section */

/* Begin PBXProject section */
		A8F203452B1A460A009BC7E5 /* Project object */ = {
			isa = PBXProject;
			attributes = {
				BuildIndependentTargetsInParallel = 1;
				LastSwiftUpdateCheck = 1500;
				LastUpgradeCheck = 1500;
				TargetAttributes = {
					A8F2034C2B1A460A009BC7E5 = {
						CreatedOnToolsVersion = 15.0.1;
					};
				};
			};
			buildConfigurationList = A8F203482B1A460A009BC7E5 /* Build configuration list for PBXProject "Scrumdinger" */;
			compatibilityVersion = "Xcode 14.0";
			developmentRegion = en;
			hasScannedForEncodings = 0;
			knownRegions = (
				en,
				Base,
			);
			mainGroup = A8F203442B1A460A009BC7E5;
			productRefGroup = A8F2034E2B1A460A009BC7E5 /* Products */;
			projectDirPath = "";
			projectRoot = "";
			targets = (
				A8F2034C2B1A460A009BC7E5 /* Scrumdinger */,
			);
		};
/* End PBXProject section */

/* Begin PBXResourcesBuildPhase section */
		A8F2034B2B1A460A009BC7E5 /* Resources */ = {
			isa = PBXResourcesBuildPhase;
			buildActionMask = 2147483647;
			files = (
				A8614BD62B31BCB000BD938D /* ding.wav in Resources */,
				A8CFC2292B1DC6D400C6216F /* Assets.xcassets in Resources */,
				A8F203582B1A460B009BC7E5 /* Preview Assets.xcassets in Resources */,
			);
			runOnlyForDeploymentPostprocessing = 0;
		};
/* End PBXResourcesBuildPhase section */

/* Begin PBXSourcesBuildPhase section */
		A8F203492B1A460A009BC7E5 /* Sources */ = {
			isa = PBXSourcesBuildPhase;
			buildActionMask = 2147483647;
			files = (
				A8614BDA2B31D50000BD938D /* History.swift in Sources */,
				A863101D2B5FBC16003172ED /* HistoryView.swift in Sources */,
				A8DDA0EE2B1F65EA0021417C /* ThemePicker.swift in Sources */,
				A8F203602B1B2832009BC7E5 /* Theme.swift in Sources */,
				A8C296F92B1DBD4A003DFAF1 /* DetailEdit.swift in Sources */,
				A8614BDC2B3209FB00BD938D /* ScrumStore.swift in Sources */,
				A8614BD12B31B61800BD938D /* MeetingFooterView.swift in Sources */,
				A8614BD32B31BBA500BD938D /* AVPlayer+Ding.swift in Sources */,
				A8DDFC0A2B2F30C5000152D9 /* MeetingHeaderView.swift in Sources */,
				A8F2036C2B1CFB4D009BC7E5 /* DetailView.swift in Sources */,
				A8E23F702B389B090050D807 /* MeetingTimerView.swift in Sources */,
				A8F203662B1C8B40009BC7E5 /* TrailingIconLabelStyle.swift in Sources */,
				A8B0519B2B332A5D00C29EE5 /* ErrorWrapper.swift in Sources */,
				A8F203682B1CAB9D009BC7E5 /* Scrums.swift in Sources */,
				A8F203622B1B2972009BC7E5 /* Daily Scrum.swift in Sources */,
				A8F203532B1A460A009BC7E5 /* MeetingView.swift in Sources */,
				A8614BD82B31C07B00BD938D /* NewScrumSheet.swift in Sources */,
				A86310192B5FA82A003172ED /* SpeechRecognizer.swift in Sources */,
				A8B0519D2B332B1700C29EE5 /* ErrorView.swift in Sources */,
				A8F203512B1A460A009BC7E5 /* ScrumdingerApp.swift in Sources */,
				A8DDA0EC2B1F64050021417C /* ThemeView.swift in Sources */,
				A8F203642B1B2EED009BC7E5 /* CardView.swift in Sources */,
				A8E23F722B389E970050D807 /* SpeakerArc.swift in Sources */,
				A8614BCF2B31B3EC00BD938D /* ScrumTimer.swift in Sources */,
			);
			runOnlyForDeploymentPostprocessing = 0;
		};
/* End PBXSourcesBuildPhase section */

/* Begin XCBuildConfiguration section */
		A8F203592B1A460B009BC7E5 /* Debug */ = {
			isa = XCBuildConfiguration;
			buildSettings = {
				ALWAYS_SEARCH_USER_PATHS = NO;
				ASSETCATALOG_COMPILER_GENERATE_SWIFT_ASSET_SYMBOL_EXTENSIONS = YES;
				CLANG_ANALYZER_NONNULL = YES;
				CLANG_ANALYZER_NUMBER_OBJECT_CONVERSION = YES_AGGRESSIVE;
				CLANG_CXX_LANGUAGE_STANDARD = "gnu++20";
				CLANG_ENABLE_MODULES = YES;
				CLANG_ENABLE_OBJC_ARC = YES;
				CLANG_ENABLE_OBJC_WEAK = YES;
				CLANG_WARN_BLOCK_CAPTURE_AUTORELEASING = YES;
				CLANG_WARN_BOOL_CONVERSION = YES;
				CLANG_WARN_COMMA = YES;
				CLANG_WARN_CONSTANT_CONVERSION = YES;
				CLANG_WARN_DEPRECATED_OBJC_IMPLEMENTATIONS = YES;
				CLANG_WARN_DIRECT_OBJC_ISA_USAGE = YES_ERROR;
				CLANG_WARN_DOCUMENTATION_COMMENTS = YES;
				CLANG_WARN_EMPTY_BODY = YES;
				CLANG_WARN_ENUM_CONVERSION = YES;
				CLANG_WARN_INFINITE_RECURSION = YES;
				CLANG_WARN_INT_CONVERSION = YES;
				CLANG_WARN_NON_LITERAL_NULL_CONVERSION = YES;
				CLANG_WARN_OBJC_IMPLICIT_RETAIN_SELF = YES;
				CLANG_WARN_OBJC_LITERAL_CONVERSION = YES;
				CLANG_WARN_OBJC_ROOT_CLASS = YES_ERROR;
				CLANG_WARN_QUOTED_INCLUDE_IN_FRAMEWORK_HEADER = YES;
				CLANG_WARN_RANGE_LOOP_ANALYSIS = YES;
				CLANG_WARN_STRICT_PROTOTYPES = YES;
				CLANG_WARN_SUSPICIOUS_MOVE = YES;
				CLANG_WARN_UNGUARDED_AVAILABILITY = YES_AGGRESSIVE;
				CLANG_WARN_UNREACHABLE_CODE = YES;
				CLANG_WARN__DUPLICATE_METHOD_MATCH = YES;
				COPY_PHASE_STRIP = NO;
				DEBUG_INFORMATION_FORMAT = dwarf;
				ENABLE_STRICT_OBJC_MSGSEND = YES;
				ENABLE_TESTABILITY = YES;
				ENABLE_USER_SCRIPT_SANDBOXING = YES;
				GCC_C_LANGUAGE_STANDARD = gnu17;
				GCC_DYNAMIC_NO_PIC = NO;
				GCC_NO_COMMON_BLOCKS = YES;
				GCC_OPTIMIZATION_LEVEL = 0;
				GCC_PREPROCESSOR_DEFINITIONS = (
					"DEBUG=1",
					"$(inherited)",
				);
				GCC_WARN_64_TO_32_BIT_CONVERSION = YES;
				GCC_WARN_ABOUT_RETURN_TYPE = YES_ERROR;
				GCC_WARN_UNDECLARED_SELECTOR = YES;
				GCC_WARN_UNINITIALIZED_AUTOS = YES_AGGRESSIVE;
				GCC_WARN_UNUSED_FUNCTION = YES;
				GCC_WARN_UNUSED_VARIABLE = YES;
				IPHONEOS_DEPLOYMENT_TARGET = 17.0;
				LOCALIZATION_PREFERS_STRING_CATALOGS = YES;
				MTL_ENABLE_DEBUG_INFO = INCLUDE_SOURCE;
				MTL_FAST_MATH = YES;
				ONLY_ACTIVE_ARCH = YES;
				SDKROOT = iphoneos;
				SWIFT_ACTIVE_COMPILATION_CONDITIONS = "DEBUG $(inherited)";
				SWIFT_OPTIMIZATION_LEVEL = "-Onone";
			};
			name = Debug;
		};
		A8F2035A2B1A460B009BC7E5 /* Release */ = {
			isa = XCBuildConfiguration;
			buildSettings = {
				ALWAYS_SEARCH_USER_PATHS = NO;
				ASSETCATALOG_COMPILER_GENERATE_SWIFT_ASSET_SYMBOL_EXTENSIONS = YES;
				CLANG_ANALYZER_NONNULL = YES;
				CLANG_ANALYZER_NUMBER_OBJECT_CONVERSION = YES_AGGRESSIVE;
				CLANG_CXX_LANGUAGE_STANDARD = "gnu++20";
				CLANG_ENABLE_MODULES = YES;
				CLANG_ENABLE_OBJC_ARC = YES;
				CLANG_ENABLE_OBJC_WEAK = YES;
				CLANG_WARN_BLOCK_CAPTURE_AUTORELEASING = YES;
				CLANG_WARN_BOOL_CONVERSION = YES;
				CLANG_WARN_COMMA = YES;
				CLANG_WARN_CONSTANT_CONVERSION = YES;
				CLANG_WARN_DEPRECATED_OBJC_IMPLEMENTATIONS = YES;
				CLANG_WARN_DIRECT_OBJC_ISA_USAGE = YES_ERROR;
				CLANG_WARN_DOCUMENTATION_COMMENTS = YES;
				CLANG_WARN_EMPTY_BODY = YES;
				CLANG_WARN_ENUM_CONVERSION = YES;
				CLANG_WARN_INFINITE_RECURSION = YES;
				CLANG_WARN_INT_CONVERSION = YES;
				CLANG_WARN_NON_LITERAL_NULL_CONVERSION = YES;
				CLANG_WARN_OBJC_IMPLICIT_RETAIN_SELF = YES;
				CLANG_WARN_OBJC_LITERAL_CONVERSION = YES;
				CLANG_WARN_OBJC_ROOT_CLASS = YES_ERROR;
				CLANG_WARN_QUOTED_INCLUDE_IN_FRAMEWORK_HEADER = YES;
				CLANG_WARN_RANGE_LOOP_ANALYSIS = YES;
				CLANG_WARN_STRICT_PROTOTYPES = YES;
				CLANG_WARN_SUSPICIOUS_MOVE = YES;
				CLANG_WARN_UNGUARDED_AVAILABILITY = YES_AGGRESSIVE;
				CLANG_WARN_UNREACHABLE_CODE = YES;
				CLANG_WARN__DUPLICATE_METHOD_MATCH = YES;
				COPY_PHASE_STRIP = NO;
				DEBUG_INFORMATION_FORMAT = "dwarf-with-dsym";
				ENABLE_NS_ASSERTIONS = NO;
				ENABLE_STRICT_OBJC_MSGSEND = YES;
				ENABLE_USER_SCRIPT_SANDBOXING = YES;
				GCC_C_LANGUAGE_STANDARD = gnu17;
				GCC_NO_COMMON_BLOCKS = YES;
				GCC_WARN_64_TO_32_BIT_CONVERSION = YES;
				GCC_WARN_ABOUT_RETURN_TYPE = YES_ERROR;
				GCC_WARN_UNDECLARED_SELECTOR = YES;
				GCC_WARN_UNINITIALIZED_AUTOS = YES_AGGRESSIVE;
				GCC_WARN_UNUSED_FUNCTION = YES;
				GCC_WARN_UNUSED_VARIABLE = YES;
				IPHONEOS_DEPLOYMENT_TARGET = 17.0;
				LOCALIZATION_PREFERS_STRING_CATALOGS = YES;
				MTL_ENABLE_DEBUG_INFO = NO;
				MTL_FAST_MATH = YES;
				SDKROOT = iphoneos;
				SWIFT_COMPILATION_MODE = wholemodule;
				VALIDATE_PRODUCT = YES;
			};
			name = Release;
		};
		A8F2035C2B1A460B009BC7E5 /* Debug */ = {
			isa = XCBuildConfiguration;
			buildSettings = {
				ASSETCATALOG_COMPILER_APPICON_NAME = AppIcon;
				ASSETCATALOG_COMPILER_GLOBAL_ACCENT_COLOR_NAME = AccentColor;
				CODE_SIGN_STYLE = Automatic;
				CURRENT_PROJECT_VERSION = 1;
				DEVELOPMENT_ASSET_PATHS = "\"Scrumdinger/Preview Content\"";
				ENABLE_PREVIEWS = YES;
				GENERATE_INFOPLIST_FILE = YES;
				INFOPLIST_FILE = Scrumdinger/Info.plist;
				INFOPLIST_KEY_NSMicrophoneUsageDescription = "Audio is recorded to transcribe the meeting. Audio recordings are discarded after transcription.";
				INFOPLIST_KEY_NSSpeechRecognitionUsageDescription = "You can view a text transcription of your meeting in the app.";
				INFOPLIST_KEY_UIApplicationSceneManifest_Generation = YES;
				INFOPLIST_KEY_UIApplicationSupportsIndirectInputEvents = YES;
				INFOPLIST_KEY_UILaunchScreen_Generation = YES;
				INFOPLIST_KEY_UISupportedInterfaceOrientations_iPad = "UIInterfaceOrientationPortrait UIInterfaceOrientationPortraitUpsideDown UIInterfaceOrientationLandscapeLeft UIInterfaceOrientationLandscapeRight";
				INFOPLIST_KEY_UISupportedInterfaceOrientations_iPhone = "UIInterfaceOrientationPortrait UIInterfaceOrientationLandscapeLeft UIInterfaceOrientationLandscapeRight";
				LD_RUNPATH_SEARCH_PATHS = (
					"$(inherited)",
					"@executable_path/Frameworks",
				);
				MARKETING_VERSION = 1.0;
				PRODUCT_BUNDLE_IDENTIFIER = com.learningProject.Scrumdinger;
				PRODUCT_NAME = "$(TARGET_NAME)";
				SWIFT_EMIT_LOC_STRINGS = YES;
				SWIFT_VERSION = 5.0;
				TARGETED_DEVICE_FAMILY = "1,2";
			};
			name = Debug;
		};
		A8F2035D2B1A460B009BC7E5 /* Release */ = {
			isa = XCBuildConfiguration;
			buildSettings = {
				ASSETCATALOG_COMPILER_APPICON_NAME = AppIcon;
				ASSETCATALOG_COMPILER_GLOBAL_ACCENT_COLOR_NAME = AccentColor;
				CODE_SIGN_STYLE = Automatic;
				CURRENT_PROJECT_VERSION = 1;
				DEVELOPMENT_ASSET_PATHS = "\"Scrumdinger/Preview Content\"";
				ENABLE_PREVIEWS = YES;
				GENERATE_INFOPLIST_FILE = YES;
				INFOPLIST_FILE = Scrumdinger/Info.plist;
				INFOPLIST_KEY_NSMicrophoneUsageDescription = "Audio is recorded to transcribe the meeting. Audio recordings are discarded after transcription.";
				INFOPLIST_KEY_NSSpeechRecognitionUsageDescription = "You can view a text transcription of your meeting in the app.";
				INFOPLIST_KEY_UIApplicationSceneManifest_Generation = YES;
				INFOPLIST_KEY_UIApplicationSupportsIndirectInputEvents = YES;
				INFOPLIST_KEY_UILaunchScreen_Generation = YES;
				INFOPLIST_KEY_UISupportedInterfaceOrientations_iPad = "UIInterfaceOrientationPortrait UIInterfaceOrientationPortraitUpsideDown UIInterfaceOrientationLandscapeLeft UIInterfaceOrientationLandscapeRight";
				INFOPLIST_KEY_UISupportedInterfaceOrientations_iPhone = "UIInterfaceOrientationPortrait UIInterfaceOrientationLandscapeLeft UIInterfaceOrientationLandscapeRight";
				LD_RUNPATH_SEARCH_PATHS = (
					"$(inherited)",
					"@executable_path/Frameworks",
				);
				MARKETING_VERSION = 1.0;
				PRODUCT_BUNDLE_IDENTIFIER = com.learningProject.Scrumdinger;
				PRODUCT_NAME = "$(TARGET_NAME)";
				SWIFT_EMIT_LOC_STRINGS = YES;
				SWIFT_VERSION = 5.0;
				TARGETED_DEVICE_FAMILY = "1,2";
			};
			name = Release;
		};
/* End XCBuildConfiguration section */

/* Begin XCConfigurationList section */
		A8F203482B1A460A009BC7E5 /* Build configuration list for PBXProject "Scrumdinger" */ = {
			isa = XCConfigurationList;
			buildConfigurations = (
				A8F203592B1A460B009BC7E5 /* Debug */,
				A8F2035A2B1A460B009BC7E5 /* Release */,
			);
			defaultConfigurationIsVisible = 0;
			defaultConfigurationName = Release;
		};
		A8F2035B2B1A460B009BC7E5 /* Build configuration list for PBXNativeTarget "Scrumdinger" */ = {
			isa = XCConfigurationList;
			buildConfigurations = (
				A8F2035C2B1A460B009BC7E5 /* Debug */,
				A8F2035D2B1A460B009BC7E5 /* Release */,
			);
			defaultConfigurationIsVisible = 0;
			defaultConfigurationName = Release;
		};
/* End XCConfigurationList section */
	};
	rootObject = A8F203452B1A460A009BC7E5 /* Project object */;
}
